// !$*UTF8*$!
{
	archiveVersion = 1;
	classes = {
	};
	objectVersion = 77;
	objects = {

/* Begin PBXBuildFile section */
		12222DE281CDE9EE96A85280 /* SettingsView.swift in Sources */ = {isa = PBXBuildFile; fileRef = 28685A24B2C4C10B27EE00D2 /* SettingsView.swift */; };
		4CA0280A7580316758065E87 /* DesignSystem.swift in Sources */ = {isa = PBXBuildFile; fileRef = 2F16B06C05E48DEACA544361 /* DesignSystem.swift */; };
		BAF0EADC7619672BE6DB7BEA /* MenuBarView.swift in Sources */ = {isa = PBXBuildFile; fileRef = 6F18F21335392FEC6B86FA69 /* MenuBarView.swift */; };
		C6A34DC2DFF8D5173542EF82 /* MimerApp.swift in Sources */ = {isa = PBXBuildFile; fileRef = C328996688D6C9E4988B88A0 /* MimerApp.swift */; };
		ECF88FA95EDDC38A5DEB4F85 /* KeyboardShortcuts in Frameworks */ = {isa = PBXBuildFile; productRef = 84D8C16A5DDC02A5ACF9281C /* KeyboardShortcuts */; };
		FFDF46F87E52489BD7B16ADB /* MimerTests.swift in Sources */ = {isa = PBXBuildFile; fileRef = 192FEE3139B51AD6DE6CCE8F /* MimerTests.swift */; };
/* End PBXBuildFile section */

/* Begin PBXContainerItemProxy section */
		8E75820F160B0D8FA89E69FC /* PBXContainerItemProxy */ = {
			isa = PBXContainerItemProxy;
			containerPortal = 8103E540BB9CD5A6BFA1ED60 /* Project object */;
			proxyType = 1;
			remoteGlobalIDString = FB0652EA286D72B81528E932;
			remoteInfo = Mimer;
		};
/* End PBXContainerItemProxy section */

/* Begin PBXFileReference section */
		09A8150E14C1F69A3AA9F32B /* MimerTests.xctest */ = {isa = PBXFileReference; explicitFileType = wrapper.cfbundle; includeInIndex = 0; path = MimerTests.xctest; sourceTree = BUILT_PRODUCTS_DIR; };
		192FEE3139B51AD6DE6CCE8F /* MimerTests.swift */ = {isa = PBXFileReference; lastKnownFileType = sourcecode.swift; path = MimerTests.swift; sourceTree = "<group>"; };
		28685A24B2C4C10B27EE00D2 /* SettingsView.swift */ = {isa = PBXFileReference; lastKnownFileType = sourcecode.swift; path = SettingsView.swift; sourceTree = "<group>"; };
		2F16B06C05E48DEACA544361 /* DesignSystem.swift */ = {isa = PBXFileReference; lastKnownFileType = sourcecode.swift; path = DesignSystem.swift; sourceTree = "<group>"; };
		6F18F21335392FEC6B86FA69 /* MenuBarView.swift */ = {isa = PBXFileReference; lastKnownFileType = sourcecode.swift; path = MenuBarView.swift; sourceTree = "<group>"; };
		B094F2B359FFB805ACF9B846 /* Mimer.app */ = {isa = PBXFileReference; explicitFileType = wrapper.application; includeInIndex = 0; path = Mimer.app; sourceTree = BUILT_PRODUCTS_DIR; };
		C328996688D6C9E4988B88A0 /* MimerApp.swift */ = {isa = PBXFileReference; lastKnownFileType = sourcecode.swift; path = MimerApp.swift; sourceTree = "<group>"; };
/* End PBXFileReference section */

/* Begin PBXFrameworksBuildPhase section */
		62E66ABC906141B60CA9373C /* Frameworks */ = {
			isa = PBXFrameworksBuildPhase;
			buildActionMask = 2147483647;
			files = (
				ECF88FA95EDDC38A5DEB4F85 /* KeyboardShortcuts in Frameworks */,
			);
			runOnlyForDeploymentPostprocessing = 0;
		};
/* End PBXFrameworksBuildPhase section */

/* Begin PBXGroup section */
		328949F4F70FF07BF6A046D5 /* Mimer */ = {
			isa = PBXGroup;
			children = (
				2F16B06C05E48DEACA544361 /* DesignSystem.swift */,
				6F18F21335392FEC6B86FA69 /* MenuBarView.swift */,
				C328996688D6C9E4988B88A0 /* MimerApp.swift */,
				28685A24B2C4C10B27EE00D2 /* SettingsView.swift */,
			);
			path = Mimer;
			sourceTree = "<group>";
		};
		4A04C5D97563889E8AF4D4B6 /* MimerTests */ = {
			isa = PBXGroup;
			children = (
				192FEE3139B51AD6DE6CCE8F /* MimerTests.swift */,
			);
			path = MimerTests;
			sourceTree = "<group>";
		};
		6AAD0F3072154D270FF340CF = {
			isa = PBXGroup;
			children = (
				9F7962D9D2EA6D6BEE8BBB5C /* Sources */,
				BECBC2A7C11FAFBF0B0CDA9A /* Tests */,
				AD0D708E845F69F100AD08FB /* Products */,
			);
			sourceTree = "<group>";
		};
		9F7962D9D2EA6D6BEE8BBB5C /* Sources */ = {
			isa = PBXGroup;
			children = (
				328949F4F70FF07BF6A046D5 /* Mimer */,
			);
			path = Sources;
			sourceTree = "<group>";
		};
		AD0D708E845F69F100AD08FB /* Products */ = {
			isa = PBXGroup;
			children = (
				B094F2B359FFB805ACF9B846 /* Mimer.app */,
				09A8150E14C1F69A3AA9F32B /* MimerTests.xctest */,
			);
			name = Products;
			sourceTree = "<group>";
		};
		BECBC2A7C11FAFBF0B0CDA9A /* Tests */ = {
			isa = PBXGroup;
			children = (
				4A04C5D97563889E8AF4D4B6 /* MimerTests */,
			);
			path = Tests;
			sourceTree = "<group>";
		};
/* End PBXGroup section */

/* Begin PBXNativeTarget section */
		87C2F9AE74AF233EFC764AA4 /* MimerTests */ = {
			isa = PBXNativeTarget;
			buildConfigurationList = 1CCD1636A17175C9D21F70D0 /* Build configuration list for PBXNativeTarget "MimerTests" */;
			buildPhases = (
				7314FADB4FADA664AEC14DE7 /* Sources */,
			);
			buildRules = (
			);
			dependencies = (
				EA2E720BBA33A8DD0381CEEC /* PBXTargetDependency */,
			);
			name = MimerTests;
			packageProductDependencies = (
			);
			productName = MimerTests;
			productReference = 09A8150E14C1F69A3AA9F32B /* MimerTests.xctest */;
			productType = "com.apple.product-type.bundle.unit-test";
		};
		FB0652EA286D72B81528E932 /* Mimer */ = {
			isa = PBXNativeTarget;
			buildConfigurationList = 115DF0FA53ADA34E20F39003 /* Build configuration list for PBXNativeTarget "Mimer" */;
			buildPhases = (
				F2F4880E368C5D04FFEE9E08 /* Sources */,
				62E66ABC906141B60CA9373C /* Frameworks */,
			);
			buildRules = (
			);
			dependencies = (
			);
			name = Mimer;
			packageProductDependencies = (
				84D8C16A5DDC02A5ACF9281C /* KeyboardShortcuts */,
			);
			productName = Mimer;
			productReference = B094F2B359FFB805ACF9B846 /* Mimer.app */;
			productType = "com.apple.product-type.application";
		};
/* End PBXNativeTarget section */

/* Begin PBXProject section */
		8103E540BB9CD5A6BFA1ED60 /* Project object */ = {
			isa = PBXProject;
			attributes = {
				BuildIndependentTargetsInParallel = YES;
				LastUpgradeCheck = 1430;
				TargetAttributes = {
					87C2F9AE74AF233EFC764AA4 = {
						DevelopmentTeam = "";
						ProvisioningStyle = Automatic;
					};
					FB0652EA286D72B81528E932 = {
						DevelopmentTeam = "";
						ProvisioningStyle = Automatic;
					};
				};
			};
			buildConfigurationList = 6AF9118D1EB19EC4DABF9AC1 /* Build configuration list for PBXProject "Mimer" */;
			developmentRegion = en;
			hasScannedForEncodings = 0;
			knownRegions = (
				Base,
				en,
			);
			mainGroup = 6AAD0F3072154D270FF340CF;
			minimizedProjectReferenceProxies = 1;
			packageReferences = (
				26F6CA238206438C470265D6 /* XCRemoteSwiftPackageReference "KeyboardShortcuts" */,
			);
			preferredProjectObjectVersion = 77;
			productRefGroup = AD0D708E845F69F100AD08FB /* Products */;
			projectDirPath = "";
			projectRoot = "";
			targets = (
				FB0652EA286D72B81528E932 /* Mimer */,
				87C2F9AE74AF233EFC764AA4 /* MimerTests */,
			);
		};
/* End PBXProject section */

/* Begin PBXSourcesBuildPhase section */
		7314FADB4FADA664AEC14DE7 /* Sources */ = {
			isa = PBXSourcesBuildPhase;
			buildActionMask = 2147483647;
			files = (
				FFDF46F87E52489BD7B16ADB /* MimerTests.swift in Sources */,
			);
			runOnlyForDeploymentPostprocessing = 0;
		};
		F2F4880E368C5D04FFEE9E08 /* Sources */ = {
			isa = PBXSourcesBuildPhase;
			buildActionMask = 2147483647;
			files = (
				4CA0280A7580316758065E87 /* DesignSystem.swift in Sources */,
				BAF0EADC7619672BE6DB7BEA /* MenuBarView.swift in Sources */,
				C6A34DC2DFF8D5173542EF82 /* MimerApp.swift in Sources */,
				12222DE281CDE9EE96A85280 /* SettingsView.swift in Sources */,
			);
			runOnlyForDeploymentPostprocessing = 0;
		};
/* End PBXSourcesBuildPhase section */

/* Begin PBXTargetDependency section */
		EA2E720BBA33A8DD0381CEEC /* PBXTargetDependency */ = {
			isa = PBXTargetDependency;
			target = FB0652EA286D72B81528E932 /* Mimer */;
			targetProxy = 8E75820F160B0D8FA89E69FC /* PBXContainerItemProxy */;
		};
/* End PBXTargetDependency section */

/* Begin XCBuildConfiguration section */
		2F1645AF812C849F7094FE2C /* Debug */ = {
			isa = XCBuildConfiguration;
			buildSettings = {
				ASSETCATALOG_COMPILER_APPICON_NAME = AppIcon;
				COMBINE_HIDPI_IMAGES = YES;
				GENERATE_INFOPLIST_FILE = YES;
				INFOPLIST_KEY_LSUIElement = YES;
				INFOPLIST_KEY_NSHumanReadableCopyright = "Mimer — MIT-licensed.";
				LD_RUNPATH_SEARCH_PATHS = (
					"$(inherited)",
					"@executable_path/../Frameworks",
				);
				PRODUCT_BUNDLE_IDENTIFIER = com.hasanjafri.Mimer;
				PRODUCT_NAME = Mimer;
				SDKROOT = macosx;
			};
			name = Debug;
		};
		48D7058555E9BE31D0AC5136 /* Debug */ = {
			isa = XCBuildConfiguration;
			buildSettings = {
				ALWAYS_SEARCH_USER_PATHS = NO;
				CLANG_ANALYZER_NONNULL = YES;
				CLANG_ANALYZER_NUMBER_OBJECT_CONVERSION = YES_AGGRESSIVE;
				CLANG_CXX_LANGUAGE_STANDARD = "gnu++14";
				CLANG_CXX_LIBRARY = "libc++";
				CLANG_ENABLE_MODULES = YES;
				CLANG_ENABLE_OBJC_ARC = YES;
				CLANG_ENABLE_OBJC_WEAK = YES;
				CLANG_WARN_BLOCK_CAPTURE_AUTORELEASING = YES;
				CLANG_WARN_BOOL_CONVERSION = YES;
				CLANG_WARN_COMMA = YES;
				CLANG_WARN_CONSTANT_CONVERSION = YES;
				CLANG_WARN_DEPRECATED_OBJC_IMPLEMENTATIONS = YES;
				CLANG_WARN_DIRECT_OBJC_ISA_USAGE = YES_ERROR;
				CLANG_WARN_DOCUMENTATION_COMMENTS = YES;
				CLANG_WARN_EMPTY_BODY = YES;
				CLANG_WARN_ENUM_CONVERSION = YES;
				CLANG_WARN_INFINITE_RECURSION = YES;
				CLANG_WARN_INT_CONVERSION = YES;
				CLANG_WARN_NON_LITERAL_NULL_CONVERSION = YES;
				CLANG_WARN_OBJC_IMPLICIT_RETAIN_SELF = YES;
				CLANG_WARN_OBJC_LITERAL_CONVERSION = YES;
				CLANG_WARN_OBJC_ROOT_CLASS = YES_ERROR;
				CLANG_WARN_QUOTED_INCLUDE_IN_FRAMEWORK_HEADER = YES;
				CLANG_WARN_RANGE_LOOP_ANALYSIS = YES;
				CLANG_WARN_STRICT_PROTOTYPES = YES;
				CLANG_WARN_SUSPICIOUS_MOVE = YES;
				CLANG_WARN_UNGUARDED_AVAILABILITY = YES_AGGRESSIVE;
				CLANG_WARN_UNREACHABLE_CODE = YES;
				CLANG_WARN__DUPLICATE_METHOD_MATCH = YES;
				CODE_SIGN_STYLE = Automatic;
				COPY_PHASE_STRIP = NO;
				CURRENT_PROJECT_VERSION = 1;
				DEBUG_INFORMATION_FORMAT = dwarf;
				DEVELOPMENT_TEAM = "";
				ENABLE_HARDENED_RUNTIME = YES;
				ENABLE_STRICT_OBJC_MSGSEND = YES;
				ENABLE_TESTABILITY = YES;
				GCC_C_LANGUAGE_STANDARD = gnu11;
				GCC_DYNAMIC_NO_PIC = NO;
				GCC_NO_COMMON_BLOCKS = YES;
				GCC_OPTIMIZATION_LEVEL = 0;
				GCC_PREPROCESSOR_DEFINITIONS = (
					"$(inherited)",
					"DEBUG=1",
				);
				GCC_WARN_64_TO_32_BIT_CONVERSION = YES;
				GCC_WARN_ABOUT_RETURN_TYPE = YES_ERROR;
				GCC_WARN_UNDECLARED_SELECTOR = YES;
				GCC_WARN_UNINITIALIZED_AUTOS = YES_AGGRESSIVE;
				GCC_WARN_UNUSED_FUNCTION = YES;
				GCC_WARN_UNUSED_VARIABLE = YES;
				MACOSX_DEPLOYMENT_TARGET = 14.0;
				MARKETING_VERSION = 0.1.0;
				MTL_ENABLE_DEBUG_INFO = INCLUDE_SOURCE;
				MTL_FAST_MATH = YES;
				ONLY_ACTIVE_ARCH = YES;
				PRODUCT_NAME = "$(TARGET_NAME)";
				SDKROOT = macosx;
				SWIFT_ACTIVE_COMPILATION_CONDITIONS = DEBUG;
				SWIFT_OPTIMIZATION_LEVEL = "-Onone";
				SWIFT_VERSION = 5.0;
			};
			name = Debug;
		};
		B21E5B33CC1057B7DAC54E9B /* Release */ = {
			isa = XCBuildConfiguration;
			buildSettings = {
				BUNDLE_LOADER = "$(TEST_HOST)";
				COMBINE_HIDPI_IMAGES = YES;
				GENERATE_INFOPLIST_FILE = YES;
				LD_RUNPATH_SEARCH_PATHS = (
					"$(inherited)",
					"@executable_path/../Frameworks",
					"@loader_path/../Frameworks",
				);
				PRODUCT_BUNDLE_IDENTIFIER = com.hasanjafri.MimerTests;
				SDKROOT = macosx;
				TEST_HOST = "$(BUILT_PRODUCTS_DIR)/Mimer.app/Contents/MacOS/Mimer";
			};
			name = Release;
		};
		D573CDB2ED784B43DD9A7B4D /* Release */ = {
			isa = XCBuildConfiguration;
			buildSettings = {
				ALWAYS_SEARCH_USER_PATHS = NO;
				CLANG_ANALYZER_NONNULL = YES;
				CLANG_ANALYZER_NUMBER_OBJECT_CONVERSION = YES_AGGRESSIVE;
				CLANG_CXX_LANGUAGE_STANDARD = "gnu++14";
				CLANG_CXX_LIBRARY = "libc++";
				CLANG_ENABLE_MODULES = YES;
				CLANG_ENABLE_OBJC_ARC = YES;
				CLANG_ENABLE_OBJC_WEAK = YES;
				CLANG_WARN_BLOCK_CAPTURE_AUTORELEASING = YES;
				CLANG_WARN_BOOL_CONVERSION = YES;
				CLANG_WARN_COMMA = YES;
				CLANG_WARN_CONSTANT_CONVERSION = YES;
				CLANG_WARN_DEPRECATED_OBJC_IMPLEMENTATIONS = YES;
				CLANG_WARN_DIRECT_OBJC_ISA_USAGE = YES_ERROR;
				CLANG_WARN_DOCUMENTATION_COMMENTS = YES;
				CLANG_WARN_EMPTY_BODY = YES;
				CLANG_WARN_ENUM_CONVERSION = YES;
				CLANG_WARN_INFINITE_RECURSION = YES;
				CLANG_WARN_INT_CONVERSION = YES;
				CLANG_WARN_NON_LITERAL_NULL_CONVERSION = YES;
				CLANG_WARN_OBJC_IMPLICIT_RETAIN_SELF = YES;
				CLANG_WARN_OBJC_LITERAL_CONVERSION = YES;
				CLANG_WARN_OBJC_ROOT_CLASS = YES_ERROR;
				CLANG_WARN_QUOTED_INCLUDE_IN_FRAMEWORK_HEADER = YES;
				CLANG_WARN_RANGE_LOOP_ANALYSIS = YES;
				CLANG_WARN_STRICT_PROTOTYPES = YES;
				CLANG_WARN_SUSPICIOUS_MOVE = YES;
				CLANG_WARN_UNGUARDED_AVAILABILITY = YES_AGGRESSIVE;
				CLANG_WARN_UNREACHABLE_CODE = YES;
				CLANG_WARN__DUPLICATE_METHOD_MATCH = YES;
				CODE_SIGN_STYLE = Automatic;
				COPY_PHASE_STRIP = NO;
				CURRENT_PROJECT_VERSION = 1;
				DEBUG_INFORMATION_FORMAT = "dwarf-with-dsym";
				DEVELOPMENT_TEAM = "";
				ENABLE_HARDENED_RUNTIME = YES;
				ENABLE_NS_ASSERTIONS = NO;
				ENABLE_STRICT_OBJC_MSGSEND = YES;
				GCC_C_LANGUAGE_STANDARD = gnu11;
				GCC_NO_COMMON_BLOCKS = YES;
				GCC_WARN_64_TO_32_BIT_CONVERSION = YES;
				GCC_WARN_ABOUT_RETURN_TYPE = YES_ERROR;
				GCC_WARN_UNDECLARED_SELECTOR = YES;
				GCC_WARN_UNINITIALIZED_AUTOS = YES_AGGRESSIVE;
				GCC_WARN_UNUSED_FUNCTION = YES;
				GCC_WARN_UNUSED_VARIABLE = YES;
				MACOSX_DEPLOYMENT_TARGET = 14.0;
				MARKETING_VERSION = 0.1.0;
				MTL_ENABLE_DEBUG_INFO = NO;
				MTL_FAST_MATH = YES;
				PRODUCT_NAME = "$(TARGET_NAME)";
				SDKROOT = macosx;
				SWIFT_COMPILATION_MODE = wholemodule;
				SWIFT_OPTIMIZATION_LEVEL = "-O";
				SWIFT_VERSION = 5.0;
			};
			name = Release;
		};
		E83DEC9A47D9CC3C434D6C80 /* Release */ = {
			isa = XCBuildConfiguration;
			buildSettings = {
				ASSETCATALOG_COMPILER_APPICON_NAME = AppIcon;
				COMBINE_HIDPI_IMAGES = YES;
				GENERATE_INFOPLIST_FILE = YES;
				INFOPLIST_KEY_LSUIElement = YES;
				INFOPLIST_KEY_NSHumanReadableCopyright = "Mimer — MIT-licensed.";
				LD_RUNPATH_SEARCH_PATHS = (
					"$(inherited)",
					"@executable_path/../Frameworks",
				);
				PRODUCT_BUNDLE_IDENTIFIER = com.hasanjafri.Mimer;
				PRODUCT_NAME = Mimer;
				SDKROOT = macosx;
			};
			name = Release;
		};
		F5445ED4A5F38437EBB8BD92 /* Debug */ = {
			isa = XCBuildConfiguration;
			buildSettings = {
				BUNDLE_LOADER = "$(TEST_HOST)";
				COMBINE_HIDPI_IMAGES = YES;
				GENERATE_INFOPLIST_FILE = YES;
				LD_RUNPATH_SEARCH_PATHS = (
					"$(inherited)",
					"@executable_path/../Frameworks",
					"@loader_path/../Frameworks",
				);
				PRODUCT_BUNDLE_IDENTIFIER = com.hasanjafri.MimerTests;
				SDKROOT = macosx;
				TEST_HOST = "$(BUILT_PRODUCTS_DIR)/Mimer.app/Contents/MacOS/Mimer";
			};
			name = Debug;
		};
/* End XCBuildConfiguration section */

/* Begin XCConfigurationList section */
		115DF0FA53ADA34E20F39003 /* Build configuration list for PBXNativeTarget "Mimer" */ = {
			isa = XCConfigurationList;
			buildConfigurations = (
				2F1645AF812C849F7094FE2C /* Debug */,
				E83DEC9A47D9CC3C434D6C80 /* Release */,
			);
			defaultConfigurationIsVisible = 0;
			defaultConfigurationName = Debug;
		};
		1CCD1636A17175C9D21F70D0 /* Build configuration list for PBXNativeTarget "MimerTests" */ = {
			isa = XCConfigurationList;
			buildConfigurations = (
				F5445ED4A5F38437EBB8BD92 /* Debug */,
				B21E5B33CC1057B7DAC54E9B /* Release */,
			);
			defaultConfigurationIsVisible = 0;
			defaultConfigurationName = Debug;
		};
		6AF9118D1EB19EC4DABF9AC1 /* Build configuration list for PBXProject "Mimer" */ = {
			isa = XCConfigurationList;
			buildConfigurations = (
				48D7058555E9BE31D0AC5136 /* Debug */,
				D573CDB2ED784B43DD9A7B4D /* Release */,
			);
			defaultConfigurationIsVisible = 0;
			defaultConfigurationName = Debug;
		};
/* End XCConfigurationList section */

/* Begin XCRemoteSwiftPackageReference section */
		26F6CA238206438C470265D6 /* XCRemoteSwiftPackageReference "KeyboardShortcuts" */ = {
			isa = XCRemoteSwiftPackageReference;
			repositoryURL = "https://github.com/sindresorhus/KeyboardShortcuts";
			requirement = {
				kind = upToNextMajorVersion;
				minimumVersion = 2.0.0;
			};
		};
/* End XCRemoteSwiftPackageReference section */

/* Begin XCSwiftPackageProductDependency section */
		84D8C16A5DDC02A5ACF9281C /* KeyboardShortcuts */ = {
			isa = XCSwiftPackageProductDependency;
			package = 26F6CA238206438C470265D6 /* XCRemoteSwiftPackageReference "KeyboardShortcuts" */;
			productName = KeyboardShortcuts;
		};
/* End XCSwiftPackageProductDependency section */
	};
	rootObject = 8103E540BB9CD5A6BFA1ED60 /* Project object */;
}
